
Microsoft Visual Studio Solution File, Format Version 12.00
# Visual Studio Version 17
VisualStudioVersion = 17.8.34408.163
MinimumVisualStudioVersion = 10.0.40219.1
Project("{FAE04EC0-301F-11D3-BF4B-00C04F79EFBC}") = "ФОРМУЛА ДИСКРИМИНАНТА", "ФОРМУЛА ДИСКРИМИНАНТА\ФОРМУЛА ДИСКРИМИНАНТА.csproj", "{D46136E8-B850-4731-885D-D26237B75F17}"
EndProject
Global
	GlobalSection(SolutionConfigurationPlatforms) = preSolution
		Debug|Any CPU = Debug|Any CPU
		Release|Any CPU = Release|Any CPU
	EndGlobalSection
	GlobalSection(ProjectConfigurationPlatforms) = postSolution
		{D46136E8-B850-4731-885D-D26237B75F17}.Debug|Any CPU.ActiveCfg = Debug|Any CPU
		{D46136E8-B850-4731-885D-D26237B75F17}.Debug|Any CPU.Build.0 = Debug|Any CPU
		{D46136E8-B850-4731-885D-D26237B75F17}.Release|Any CPU.ActiveCfg = Release|Any CPU
		{D46136E8-B850-4731-885D-D26237B75F17}.Release|Any CPU.Build.0 = Release|Any CPU
	EndGlobalSection
	GlobalSection(SolutionProperties) = preSolution
		HideSolutionNode = FALSE
	EndGlobalSection
	GlobalSection(ExtensibilityGlobals) = postSolution
		SolutionGuid = {9F55B5BF-59BC-4CCF-9A5A-42C13C0ADE6F}
	EndGlobalSection
EndGlobal
